
Microsoft Visual Studio Solution File, Format Version 12.00
# Visual Studio Version 16
VisualStudioVersion = 16.0.29613.14
MinimumVisualStudioVersion = 10.0.40219.1
Project("{00D1A9C2-B5F0-4AF3-8072-F6C62B433612}") = "personal-assistant-db", "personal-assistant-db\personal-assistant-db.sqlproj", "{A2F2ACCF-9E0C-4162-B647-BFD4576B8C26}"
EndProject
Global
	GlobalSection(SolutionConfigurationPlatforms) = preSolution
		Debug|Any CPU = Debug|Any CPU
		Release|Any CPU = Release|Any CPU
	EndGlobalSection
	GlobalSection(ProjectConfigurationPlatforms) = postSolution
		{A2F2ACCF-9E0C-4162-B647-BFD4576B8C26}.Debug|Any CPU.ActiveCfg = Debug|Any CPU
		{A2F2ACCF-9E0C-4162-B647-BFD4576B8C26}.Debug|Any CPU.Build.0 = Debug|Any CPU
		{A2F2ACCF-9E0C-4162-B647-BFD4576B8C26}.Debug|Any CPU.Deploy.0 = Debug|Any CPU
		{A2F2ACCF-9E0C-4162-B647-BFD4576B8C26}.Release|Any CPU.ActiveCfg = Release|Any CPU
		{A2F2ACCF-9E0C-4162-B647-BFD4576B8C26}.Release|Any CPU.Build.0 = Release|Any CPU
		{A2F2ACCF-9E0C-4162-B647-BFD4576B8C26}.Release|Any CPU.Deploy.0 = Release|Any CPU
	EndGlobalSection
	GlobalSection(SolutionProperties) = preSolution
		HideSolutionNode = FALSE
	EndGlobalSection
	GlobalSection(ExtensibilityGlobals) = postSolution
		SolutionGuid = {89809909-F623-487C-A1B1-DE6B8555867F}
	EndGlobalSection
EndGlobal
